
Microsoft Visual Studio Solution File, Format Version 12.00
# Visual Studio Version 17
VisualStudioVersion = 17.0.32014.148
MinimumVisualStudioVersion = 10.0.40219.1
Project("{2150E333-8FDC-42A3-9474-1A3956D46DE8}") = "EventBus", "EventBus", "{71197843-143F-492C-BCD5-5FEA89E5E752}"
EndProject
Project("{2150E333-8FDC-42A3-9474-1A3956D46DE8}") = "Services", "Services", "{B33AA13F-3652-4D21-AC63-0DBEA7A75894}"
EndProject
Project("{2150E333-8FDC-42A3-9474-1A3956D46DE8}") = "ApiGateways", "ApiGateways", "{B5E6C234-F897-496F-A4D0-F8EB05D6C3D6}"
EndProject
Project("{2150E333-8FDC-42A3-9474-1A3956D46DE8}") = "ContactService", "ContactService", "{EE322150-4CD9-4E84-8DF0-AB945D6519A2}"
EndProject
Project("{9A19103F-16F7-4668-BE54-9A1E7A4F7556}") = "ContactService.API", "Services\ContactService\ContactService.API\ContactService.API.csproj", "{74DEE258-9157-4720-AC90-82382BFFF4A2}"
EndProject
Project("{9A19103F-16F7-4668-BE54-9A1E7A4F7556}") = "ContactService.Test", "Services\ContactService\ContactService.Test\ContactService.Test.csproj", "{FC2E9105-507B-4F7F-A245-EA10577DC8DD}"
EndProject
Project("{2150E333-8FDC-42A3-9474-1A3956D46DE8}") = "ReportService", "ReportService", "{407ABB0C-D683-48A9-AA98-75D6D37BB271}"
EndProject
Project("{9A19103F-16F7-4668-BE54-9A1E7A4F7556}") = "ReportService.API", "Services\ReportService\ReportService.API\ReportService.API.csproj", "{A114144B-9EFB-432D-B007-A60559117235}"
EndProject
Project("{9A19103F-16F7-4668-BE54-9A1E7A4F7556}") = "ReportService.Test", "Services\ReportService\ReportService.Test\ReportService.Test.csproj", "{5B7C4C3D-FC49-4374-8718-141AF4E5AA6E}"
EndProject
Project("{9A19103F-16F7-4668-BE54-9A1E7A4F7556}") = "ContactService.Core", "Services\ContactService\ContactService.Core\ContactService.Core.csproj", "{BB686112-1A1C-401F-B4ED-356CB34DC5E7}"
EndProject
Project("{9A19103F-16F7-4668-BE54-9A1E7A4F7556}") = "ReportService.Core", "Services\ReportService\ReportService.Core\ReportService.Core.csproj", "{0A2FEDF4-296A-4A4B-B9FA-59897F56782B}"
EndProject
Project("{FAE04EC0-301F-11D3-BF4B-00C04F79EFBC}") = "EventBus.Core", "EventBus\EventBus.Core\EventBus.Core.csproj", "{7DBD831A-63DA-4CA1-BA1B-55EE594B45C9}"
EndProject
Project("{FAE04EC0-301F-11D3-BF4B-00C04F79EFBC}") = "EventBus.RabbitMq", "EventBus\EventBus.RabbitMq\EventBus.RabbitMq.csproj", "{867C91FC-4527-4B5D-BCE3-B641814BA489}"
EndProject
Project("{FAE04EC0-301F-11D3-BF4B-00C04F79EFBC}") = "ContactApp.ApiGateway", "ApiGateway\ContactApp.ApiGateway\ContactApp.ApiGateway.csproj", "{B328CF17-8C6D-4E24-AD47-C66169B628AC}"
EndProject
Project("{E53339B2-1760-4266-BCC7-CA923CBCF16C}") = "docker-compose", "docker-compose.dcproj", "{C8EEA15A-5710-455B-B38F-8C9CAE326D35}"
EndProject
Global
	GlobalSection(SolutionConfigurationPlatforms) = preSolution
		Debug|Any CPU = Debug|Any CPU
		Release|Any CPU = Release|Any CPU
	EndGlobalSection
	GlobalSection(ProjectConfigurationPlatforms) = postSolution
		{74DEE258-9157-4720-AC90-82382BFFF4A2}.Debug|Any CPU.ActiveCfg = Debug|Any CPU
		{74DEE258-9157-4720-AC90-82382BFFF4A2}.Debug|Any CPU.Build.0 = Debug|Any CPU
		{74DEE258-9157-4720-AC90-82382BFFF4A2}.Release|Any CPU.ActiveCfg = Release|Any CPU
		{74DEE258-9157-4720-AC90-82382BFFF4A2}.Release|Any CPU.Build.0 = Release|Any CPU
		{FC2E9105-507B-4F7F-A245-EA10577DC8DD}.Debug|Any CPU.ActiveCfg = Debug|Any CPU
		{FC2E9105-507B-4F7F-A245-EA10577DC8DD}.Debug|Any CPU.Build.0 = Debug|Any CPU
		{FC2E9105-507B-4F7F-A245-EA10577DC8DD}.Release|Any CPU.ActiveCfg = Release|Any CPU
		{FC2E9105-507B-4F7F-A245-EA10577DC8DD}.Release|Any CPU.Build.0 = Release|Any CPU
		{A114144B-9EFB-432D-B007-A60559117235}.Debug|Any CPU.ActiveCfg = Debug|Any CPU
		{A114144B-9EFB-432D-B007-A60559117235}.Debug|Any CPU.Build.0 = Debug|Any CPU
		{A114144B-9EFB-432D-B007-A60559117235}.Release|Any CPU.ActiveCfg = Release|Any CPU
		{A114144B-9EFB-432D-B007-A60559117235}.Release|Any CPU.Build.0 = Release|Any CPU
		{5B7C4C3D-FC49-4374-8718-141AF4E5AA6E}.Debug|Any CPU.ActiveCfg = Debug|Any CPU
		{5B7C4C3D-FC49-4374-8718-141AF4E5AA6E}.Debug|Any CPU.Build.0 = Debug|Any CPU
		{5B7C4C3D-FC49-4374-8718-141AF4E5AA6E}.Release|Any CPU.ActiveCfg = Release|Any CPU
		{5B7C4C3D-FC49-4374-8718-141AF4E5AA6E}.Release|Any CPU.Build.0 = Release|Any CPU
		{BB686112-1A1C-401F-B4ED-356CB34DC5E7}.Debug|Any CPU.ActiveCfg = Debug|Any CPU
		{BB686112-1A1C-401F-B4ED-356CB34DC5E7}.Debug|Any CPU.Build.0 = Debug|Any CPU
		{BB686112-1A1C-401F-B4ED-356CB34DC5E7}.Release|Any CPU.ActiveCfg = Release|Any CPU
		{BB686112-1A1C-401F-B4ED-356CB34DC5E7}.Release|Any CPU.Build.0 = Release|Any CPU
		{0A2FEDF4-296A-4A4B-B9FA-59897F56782B}.Debug|Any CPU.ActiveCfg = Debug|Any CPU
		{0A2FEDF4-296A-4A4B-B9FA-59897F56782B}.Debug|Any CPU.Build.0 = Debug|Any CPU
		{0A2FEDF4-296A-4A4B-B9FA-59897F56782B}.Release|Any CPU.ActiveCfg = Release|Any CPU
		{0A2FEDF4-296A-4A4B-B9FA-59897F56782B}.Release|Any CPU.Build.0 = Release|Any CPU
		{7DBD831A-63DA-4CA1-BA1B-55EE594B45C9}.Debug|Any CPU.ActiveCfg = Debug|Any CPU
		{7DBD831A-63DA-4CA1-BA1B-55EE594B45C9}.Debug|Any CPU.Build.0 = Debug|Any CPU
		{7DBD831A-63DA-4CA1-BA1B-55EE594B45C9}.Release|Any CPU.ActiveCfg = Release|Any CPU
		{7DBD831A-63DA-4CA1-BA1B-55EE594B45C9}.Release|Any CPU.Build.0 = Release|Any CPU
		{867C91FC-4527-4B5D-BCE3-B641814BA489}.Debug|Any CPU.ActiveCfg = Debug|Any CPU
		{867C91FC-4527-4B5D-BCE3-B641814BA489}.Debug|Any CPU.Build.0 = Debug|Any CPU
		{867C91FC-4527-4B5D-BCE3-B641814BA489}.Release|Any CPU.ActiveCfg = Release|Any CPU
		{867C91FC-4527-4B5D-BCE3-B641814BA489}.Release|Any CPU.Build.0 = Release|Any CPU
		{B328CF17-8C6D-4E24-AD47-C66169B628AC}.Debug|Any CPU.ActiveCfg = Debug|Any CPU
		{B328CF17-8C6D-4E24-AD47-C66169B628AC}.Debug|Any CPU.Build.0 = Debug|Any CPU
		{B328CF17-8C6D-4E24-AD47-C66169B628AC}.Release|Any CPU.ActiveCfg = Release|Any CPU
		{B328CF17-8C6D-4E24-AD47-C66169B628AC}.Release|Any CPU.Build.0 = Release|Any CPU
		{C8EEA15A-5710-455B-B38F-8C9CAE326D35}.Debug|Any CPU.ActiveCfg = Debug|Any CPU
		{C8EEA15A-5710-455B-B38F-8C9CAE326D35}.Debug|Any CPU.Build.0 = Debug|Any CPU
		{C8EEA15A-5710-455B-B38F-8C9CAE326D35}.Release|Any CPU.ActiveCfg = Release|Any CPU
		{C8EEA15A-5710-455B-B38F-8C9CAE326D35}.Release|Any CPU.Build.0 = Release|Any CPU
	EndGlobalSection
	GlobalSection(SolutionProperties) = preSolution
		HideSolutionNode = FALSE
	EndGlobalSection
	GlobalSection(NestedProjects) = preSolution
		{EE322150-4CD9-4E84-8DF0-AB945D6519A2} = {B33AA13F-3652-4D21-AC63-0DBEA7A75894}
		{74DEE258-9157-4720-AC90-82382BFFF4A2} = {EE322150-4CD9-4E84-8DF0-AB945D6519A2}
		{FC2E9105-507B-4F7F-A245-EA10577DC8DD} = {EE322150-4CD9-4E84-8DF0-AB945D6519A2}
		{407ABB0C-D683-48A9-AA98-75D6D37BB271} = {B33AA13F-3652-4D21-AC63-0DBEA7A75894}
		{A114144B-9EFB-432D-B007-A60559117235} = {407ABB0C-D683-48A9-AA98-75D6D37BB271}
		{5B7C4C3D-FC49-4374-8718-141AF4E5AA6E} = {407ABB0C-D683-48A9-AA98-75D6D37BB271}
		{BB686112-1A1C-401F-B4ED-356CB34DC5E7} = {EE322150-4CD9-4E84-8DF0-AB945D6519A2}
		{0A2FEDF4-296A-4A4B-B9FA-59897F56782B} = {407ABB0C-D683-48A9-AA98-75D6D37BB271}
		{7DBD831A-63DA-4CA1-BA1B-55EE594B45C9} = {71197843-143F-492C-BCD5-5FEA89E5E752}
		{867C91FC-4527-4B5D-BCE3-B641814BA489} = {71197843-143F-492C-BCD5-5FEA89E5E752}
		{B328CF17-8C6D-4E24-AD47-C66169B628AC} = {B5E6C234-F897-496F-A4D0-F8EB05D6C3D6}
	EndGlobalSection
	GlobalSection(ExtensibilityGlobals) = postSolution
		SolutionGuid = {F470B1A6-BAA5-4447-A5C9-6BE2CE806551}
	EndGlobalSection
EndGlobal
